
Microsoft Visual Studio Solution File, Format Version 12.00
# Visual Studio 14
VisualStudioVersion = 14.0.25420.1
MinimumVisualStudioVersion = 10.0.40219.1
Project("{FAE04EC0-301F-11D3-BF4B-00C04F79EFBC}") = "Projeto01", "Projeto01\Projeto01.csproj", "{C21ED41A-AA33-4DF6-822A-8DE1A20925B3}"
EndProject
Project("{FAE04EC0-301F-11D3-BF4B-00C04F79EFBC}") = "Modelo", "Modelo\Modelo.csproj", "{44008917-C485-4A14-A398-F8F4A9EA43D0}"
EndProject
Project("{FAE04EC0-301F-11D3-BF4B-00C04F79EFBC}") = "Persistencia", "Persistencia\Persistencia.csproj", "{9585CCED-8945-4490-8786-27C2E42A53B4}"
EndProject
Project("{FAE04EC0-301F-11D3-BF4B-00C04F79EFBC}") = "Servico", "Servico\Servico.csproj", "{48C21B04-6264-4BAB-BB1C-7EEF17003A18}"
EndProject
Global
	GlobalSection(SolutionConfigurationPlatforms) = preSolution
		Debug|Any CPU = Debug|Any CPU
		Release|Any CPU = Release|Any CPU
	EndGlobalSection
	GlobalSection(ProjectConfigurationPlatforms) = postSolution
		{C21ED41A-AA33-4DF6-822A-8DE1A20925B3}.Debug|Any CPU.ActiveCfg = Debug|Any CPU
		{C21ED41A-AA33-4DF6-822A-8DE1A20925B3}.Debug|Any CPU.Build.0 = Debug|Any CPU
		{C21ED41A-AA33-4DF6-822A-8DE1A20925B3}.Release|Any CPU.ActiveCfg = Release|Any CPU
		{C21ED41A-AA33-4DF6-822A-8DE1A20925B3}.Release|Any CPU.Build.0 = Release|Any CPU
		{44008917-C485-4A14-A398-F8F4A9EA43D0}.Debug|Any CPU.ActiveCfg = Debug|Any CPU
		{44008917-C485-4A14-A398-F8F4A9EA43D0}.Debug|Any CPU.Build.0 = Debug|Any CPU
		{44008917-C485-4A14-A398-F8F4A9EA43D0}.Release|Any CPU.ActiveCfg = Release|Any CPU
		{44008917-C485-4A14-A398-F8F4A9EA43D0}.Release|Any CPU.Build.0 = Release|Any CPU
		{9585CCED-8945-4490-8786-27C2E42A53B4}.Debug|Any CPU.ActiveCfg = Debug|Any CPU
		{9585CCED-8945-4490-8786-27C2E42A53B4}.Debug|Any CPU.Build.0 = Debug|Any CPU
		{9585CCED-8945-4490-8786-27C2E42A53B4}.Release|Any CPU.ActiveCfg = Release|Any CPU
		{9585CCED-8945-4490-8786-27C2E42A53B4}.Release|Any CPU.Build.0 = Release|Any CPU
		{48C21B04-6264-4BAB-BB1C-7EEF17003A18}.Debug|Any CPU.ActiveCfg = Debug|Any CPU
		{48C21B04-6264-4BAB-BB1C-7EEF17003A18}.Debug|Any CPU.Build.0 = Debug|Any CPU
		{48C21B04-6264-4BAB-BB1C-7EEF17003A18}.Release|Any CPU.ActiveCfg = Release|Any CPU
		{48C21B04-6264-4BAB-BB1C-7EEF17003A18}.Release|Any CPU.Build.0 = Release|Any CPU
	EndGlobalSection
	GlobalSection(SolutionProperties) = preSolution
		HideSolutionNode = FALSE
	EndGlobalSection
EndGlobal
